
Microsoft Visual Studio Solution File, Format Version 11.00
# Visual Studio 2010
Project("{FAE04EC0-301F-11D3-BF4B-00C04F79EFBC}") = "XMLtools", "XMLtools.csproj", "{DD501970-6E8A-4906-A2D0-B8DDDC81B8E6}"
EndProject
Global
	GlobalSection(SolutionConfigurationPlatforms) = preSolution
		Debug|Any CPU = Debug|Any CPU
		Release|Any CPU = Release|Any CPU
	EndGlobalSection
	GlobalSection(ProjectConfigurationPlatforms) = postSolution
		{DD501970-6E8A-4906-A2D0-B8DDDC81B8E6}.Debug|Any CPU.ActiveCfg = Debug|Any CPU
		{DD501970-6E8A-4906-A2D0-B8DDDC81B8E6}.Debug|Any CPU.Build.0 = Debug|Any CPU
		{DD501970-6E8A-4906-A2D0-B8DDDC81B8E6}.Release|Any CPU.ActiveCfg = Release|Any CPU
		{DD501970-6E8A-4906-A2D0-B8DDDC81B8E6}.Release|Any CPU.Build.0 = Release|Any CPU
	EndGlobalSection
	GlobalSection(SolutionProperties) = preSolution
		HideSolutionNode = FALSE
	EndGlobalSection
EndGlobal
